
Microsoft Visual Studio Solution File, Format Version 12.00
# Visual Studio Version 17
VisualStudioVersion = 17.11.35312.102
MinimumVisualStudioVersion = 10.0.40219.1
Project("{FAE04EC0-301F-11D3-BF4B-00C04F79EFBC}") = "SemeaJoao", "SemeaJoao.csproj", "{0A333F2A-6638-4B1D-A4BC-6BA6F872E7FF}"
EndProject
Global
	GlobalSection(SolutionConfigurationPlatforms) = preSolution
		Debug|Any CPU = Debug|Any CPU
		Release|Any CPU = Release|Any CPU
	EndGlobalSection
	GlobalSection(ProjectConfigurationPlatforms) = postSolution
		{0A333F2A-6638-4B1D-A4BC-6BA6F872E7FF}.Debug|Any CPU.ActiveCfg = Debug|Any CPU
		{0A333F2A-6638-4B1D-A4BC-6BA6F872E7FF}.Debug|Any CPU.Build.0 = Debug|Any CPU
		{0A333F2A-6638-4B1D-A4BC-6BA6F872E7FF}.Release|Any CPU.ActiveCfg = Release|Any CPU
		{0A333F2A-6638-4B1D-A4BC-6BA6F872E7FF}.Release|Any CPU.Build.0 = Release|Any CPU
	EndGlobalSection
	GlobalSection(SolutionProperties) = preSolution
		HideSolutionNode = FALSE
	EndGlobalSection
	GlobalSection(ExtensibilityGlobals) = postSolution
		SolutionGuid = {1C75A1CC-8C30-4155-A249-D4CDDE03675D}
	EndGlobalSection
EndGlobal
